
Microsoft Visual Studio Solution File, Format Version 12.00
# Visual Studio 15
VisualStudioVersion = 15.0.28307.421
MinimumVisualStudioVersion = 10.0.40219.1
Project("{FAE04EC0-301F-11D3-BF4B-00C04F79EFBC}") = "OfficeInterop.ExcelSample.AutoFitSample", "OfficeInterop.ExcelSample.AutoFitSample\OfficeInterop.ExcelSample.AutoFitSample.csproj", "{ED132606-4FFD-49AA-AF3C-EAF57F028CEB}"
EndProject
Global
	GlobalSection(SolutionConfigurationPlatforms) = preSolution
		Debug|Any CPU = Debug|Any CPU
		Release|Any CPU = Release|Any CPU
	EndGlobalSection
	GlobalSection(ProjectConfigurationPlatforms) = postSolution
		{ED132606-4FFD-49AA-AF3C-EAF57F028CEB}.Debug|Any CPU.ActiveCfg = Debug|Any CPU
		{ED132606-4FFD-49AA-AF3C-EAF57F028CEB}.Debug|Any CPU.Build.0 = Debug|Any CPU
		{ED132606-4FFD-49AA-AF3C-EAF57F028CEB}.Release|Any CPU.ActiveCfg = Release|Any CPU
		{ED132606-4FFD-49AA-AF3C-EAF57F028CEB}.Release|Any CPU.Build.0 = Release|Any CPU
	EndGlobalSection
	GlobalSection(SolutionProperties) = preSolution
		HideSolutionNode = FALSE
	EndGlobalSection
	GlobalSection(ExtensibilityGlobals) = postSolution
		SolutionGuid = {E32DAA0D-FEB8-4F3A-A995-8DA721C6165B}
	EndGlobalSection
EndGlobal
